{
	"name": "@lerna-cli-dg-dev/core",
	"version": "1.0.6",
	"lockfileVersion": 1,
	"requires": true,
	"dependencies": {
		"test-cli-fegsa": {
			"version": "1.0.8",
			"resolved": "https://registry.nlark.com/test-cli-fegsa/download/test-cli-fegsa-1.0.8.tgz",
			"integrity": "sha1-dkdK40dsuRqykcwmSzYzR3dsEJ4="
		}
	}
}
